
Microsoft Visual Studio Solution File, Format Version 12.00
# Visual Studio Version 16
VisualStudioVersion = 16.0.31229.75
MinimumVisualStudioVersion = 10.0.40219.1
Project("{FAE04EC0-301F-11D3-BF4B-00C04F79EFBC}") = "11185711_QuachThiYen_3", "11185711_QuachThiYen_3\11185711_QuachThiYen_3.csproj", "{5FDBB5C2-5F1B-4774-944A-C5D72FE073BF}"
EndProject
Global
	GlobalSection(SolutionConfigurationPlatforms) = preSolution
		Debug|Any CPU = Debug|Any CPU
		Release|Any CPU = Release|Any CPU
	EndGlobalSection
	GlobalSection(ProjectConfigurationPlatforms) = postSolution
		{5FDBB5C2-5F1B-4774-944A-C5D72FE073BF}.Debug|Any CPU.ActiveCfg = Debug|Any CPU
		{5FDBB5C2-5F1B-4774-944A-C5D72FE073BF}.Debug|Any CPU.Build.0 = Debug|Any CPU
		{5FDBB5C2-5F1B-4774-944A-C5D72FE073BF}.Release|Any CPU.ActiveCfg = Release|Any CPU
		{5FDBB5C2-5F1B-4774-944A-C5D72FE073BF}.Release|Any CPU.Build.0 = Release|Any CPU
	EndGlobalSection
	GlobalSection(SolutionProperties) = preSolution
		HideSolutionNode = FALSE
	EndGlobalSection
	GlobalSection(ExtensibilityGlobals) = postSolution
		SolutionGuid = {50CADD61-C3E9-44AC-BA71-30390D7A8FFD}
	EndGlobalSection
EndGlobal
